
Microsoft Visual Studio Solution File, Format Version 12.00
Project("{FAE04EC0-301F-11D3-BF4B-00C04F79EFBC}") = "BARS.Internship.Task9.Geometry", "BARS.Internship.Task9.Geometry\BARS.Internship.Task9.Geometry.csproj", "{ABB47D2B-9E43-4FFD-B165-1A708B61C0A0}"
EndProject
Global
	GlobalSection(SolutionConfigurationPlatforms) = preSolution
		Debug|Any CPU = Debug|Any CPU
		Release|Any CPU = Release|Any CPU
	EndGlobalSection
	GlobalSection(ProjectConfigurationPlatforms) = postSolution
		{ABB47D2B-9E43-4FFD-B165-1A708B61C0A0}.Debug|Any CPU.ActiveCfg = Debug|Any CPU
		{ABB47D2B-9E43-4FFD-B165-1A708B61C0A0}.Debug|Any CPU.Build.0 = Debug|Any CPU
		{ABB47D2B-9E43-4FFD-B165-1A708B61C0A0}.Release|Any CPU.ActiveCfg = Release|Any CPU
		{ABB47D2B-9E43-4FFD-B165-1A708B61C0A0}.Release|Any CPU.Build.0 = Release|Any CPU
	EndGlobalSection
EndGlobal
